// !$*UTF8*$!
{
	archiveVersion = 1;
	classes = {
	};
	objectVersion = 55;
	objects = {

/* Begin PBXBuildFile section */
		B57FE7C5278C6D8100857FDE /* RxCocoa in Frameworks */ = {isa = PBXBuildFile; productRef = B57FE7C4278C6D8100857FDE /* RxCocoa */; };
		B57FE7C7278C6D8100857FDE /* RxRelay in Frameworks */ = {isa = PBXBuildFile; productRef = B57FE7C6278C6D8100857FDE /* RxRelay */; };
		B57FE7C9278C6D8100857FDE /* RxSwift in Frameworks */ = {isa = PBXBuildFile; productRef = B57FE7C8278C6D8100857FDE /* RxSwift */; };
		B57FE7CC278C6EB400857FDE /* Kingfisher in Frameworks */ = {isa = PBXBuildFile; productRef = B57FE7CB278C6EB400857FDE /* Kingfisher */; };
		B57FE7CE278C71A300857FDE /* RequestBuilder.swift in Sources */ = {isa = PBXBuildFile; fileRef = B57FE7CD278C71A300857FDE /* RequestBuilder.swift */; };
		B57FE7D0278C9D7200857FDE /* FilmsDTO.swift in Sources */ = {isa = PBXBuildFile; fileRef = B57FE7CF278C9D7200857FDE /* FilmsDTO.swift */; };
		B57FE7D2278C9D8C00857FDE /* NaverSearchAPI.swift in Sources */ = {isa = PBXBuildFile; fileRef = B57FE7D1278C9D8C00857FDE /* NaverSearchAPI.swift */; };
		B57FE7D4278C9DA700857FDE /* Response.swift in Sources */ = {isa = PBXBuildFile; fileRef = B57FE7D3278C9DA700857FDE /* Response.swift */; };
		B57FE7D9278DB4C700857FDE /* MyFilmsNoteViewController.swift in Sources */ = {isa = PBXBuildFile; fileRef = B57FE7D8278DB4C700857FDE /* MyFilmsNoteViewController.swift */; };
		B57FE7DC278DBA0600857FDE /* ViewModelType.swift in Sources */ = {isa = PBXBuildFile; fileRef = B57FE7DB278DBA0500857FDE /* ViewModelType.swift */; };
		B57FE7DE278DBAF200857FDE /* MyFilmsNoteViewModel.swift in Sources */ = {isa = PBXBuildFile; fileRef = B57FE7DD278DBAF200857FDE /* MyFilmsNoteViewModel.swift */; };
		B57FE7E0278DC3FE00857FDE /* MyFilmsNoteTableViewCell.swift in Sources */ = {isa = PBXBuildFile; fileRef = B57FE7DF278DC3FE00857FDE /* MyFilmsNoteTableViewCell.swift */; };
		B57FE7E3278DC66300857FDE /* Extensions.swift in Sources */ = {isa = PBXBuildFile; fileRef = B57FE7E2278DC66300857FDE /* Extensions.swift */; };
		B57FE7E9278DCC4100857FDE /* MyFilmsNoteTableViewCell.xib in Resources */ = {isa = PBXBuildFile; fileRef = B57FE7E7278DCC4100857FDE /* MyFilmsNoteTableViewCell.xib */; };
		B57FE7EB278DCDD000857FDE /* CommonTableHeaderView.swift in Sources */ = {isa = PBXBuildFile; fileRef = B57FE7EA278DCDD000857FDE /* CommonTableHeaderView.swift */; };
		B57FE7ED278DD0A400857FDE /* GenreSettingViewController.swift in Sources */ = {isa = PBXBuildFile; fileRef = B57FE7EC278DD0A400857FDE /* GenreSettingViewController.swift */; };
		B57FE7F1278DD18A00857FDE /* GenreSettingTableViewCell.swift in Sources */ = {isa = PBXBuildFile; fileRef = B57FE7EF278DD18A00857FDE /* GenreSettingTableViewCell.swift */; };
		B57FE7F2278DD18A00857FDE /* GenreSettingTableViewCell.xib in Resources */ = {isa = PBXBuildFile; fileRef = B57FE7F0278DD18A00857FDE /* GenreSettingTableViewCell.xib */; };
		B57FE7F4278DD84A00857FDE /* GenreSettingViewModel.swift in Sources */ = {isa = PBXBuildFile; fileRef = B57FE7F3278DD84A00857FDE /* GenreSettingViewModel.swift */; };
		B57FE7F9278EF38A00857FDE /* HFInterface.swift in Sources */ = {isa = PBXBuildFile; fileRef = B57FE7F8278EF38A00857FDE /* HFInterface.swift */; };
		B57FE7FB278EF4E000857FDE /* HFInteractor.swift in Sources */ = {isa = PBXBuildFile; fileRef = B57FE7FA278EF4E000857FDE /* HFInteractor.swift */; };
		B57FE7FD278EF69B00857FDE /* HFRepo.swift in Sources */ = {isa = PBXBuildFile; fileRef = B57FE7FC278EF69B00857FDE /* HFRepo.swift */; };
		B57FE7FF278EF77500857FDE /* Genre.swift in Sources */ = {isa = PBXBuildFile; fileRef = B57FE7FE278EF77500857FDE /* Genre.swift */; };
		B57FE801278EF9CD00857FDE /* HFAppDI.swift in Sources */ = {isa = PBXBuildFile; fileRef = B57FE800278EF9CD00857FDE /* HFAppDI.swift */; };
		B57FE805278F25F800857FDE /* Consumer.swift in Sources */ = {isa = PBXBuildFile; fileRef = B57FE804278F25F800857FDE /* Consumer.swift */; };
		B57FE807278F266C00857FDE /* BindingEventCell.swift in Sources */ = {isa = PBXBuildFile; fileRef = B57FE806278F266C00857FDE /* BindingEventCell.swift */; };
		B57FE809278F3A1600857FDE /* FilmListViewController.swift in Sources */ = {isa = PBXBuildFile; fileRef = B57FE808278F3A1600857FDE /* FilmListViewController.swift */; };
		B57FE80C278F3AEC00857FDE /* FilmListTableViewCell.swift in Sources */ = {isa = PBXBuildFile; fileRef = B57FE80A278F3AEC00857FDE /* FilmListTableViewCell.swift */; };
		B57FE80D278F3AEC00857FDE /* FilmListTableViewCell.xib in Resources */ = {isa = PBXBuildFile; fileRef = B57FE80B278F3AEC00857FDE /* FilmListTableViewCell.xib */; };
		B57FE80F278F463600857FDE /* AddFilm1ViewController.swift in Sources */ = {isa = PBXBuildFile; fileRef = B57FE80E278F463600857FDE /* AddFilm1ViewController.swift */; };
		B57FE811278F484A00857FDE /* FilmListViewModel.swift in Sources */ = {isa = PBXBuildFile; fileRef = B57FE810278F484A00857FDE /* FilmListViewModel.swift */; };
		B57FE814278F4AF300857FDE /* SortTableHeaderView.swift in Sources */ = {isa = PBXBuildFile; fileRef = B57FE813278F4AF300857FDE /* SortTableHeaderView.swift */; };
		B57FE816278F4B1000857FDE /* SearchTableHeaderView.swift in Sources */ = {isa = PBXBuildFile; fileRef = B57FE815278F4B1000857FDE /* SearchTableHeaderView.swift */; };
		B57FE819278F4E0100857FDE /* AddFilm1TableViewCell.swift in Sources */ = {isa = PBXBuildFile; fileRef = B57FE817278F4E0100857FDE /* AddFilm1TableViewCell.swift */; };
		B57FE81A278F4E0100857FDE /* AddFilm1TableViewCell.xib in Resources */ = {isa = PBXBuildFile; fileRef = B57FE818278F4E0100857FDE /* AddFilm1TableViewCell.xib */; };
		B57FE81C278F502600857FDE /* AddFilm2ViewController.swift in Sources */ = {isa = PBXBuildFile; fileRef = B57FE81B278F502600857FDE /* AddFilm2ViewController.swift */; };
		B57FE81E278F515200857FDE /* AddFilm1ViewModel.swift in Sources */ = {isa = PBXBuildFile; fileRef = B57FE81D278F515200857FDE /* AddFilm1ViewModel.swift */; };
		B57FE8202790337900857FDE /* Film.swift in Sources */ = {isa = PBXBuildFile; fileRef = B57FE81F2790337900857FDE /* Film.swift */; };
		B57FE822279054BC00857FDE /* AddFilm2ViewModel.swift in Sources */ = {isa = PBXBuildFile; fileRef = B57FE821279054BC00857FDE /* AddFilm2ViewModel.swift */; };
		B57FE8242790A07100857FDE /* FilmDetailViewController.swift in Sources */ = {isa = PBXBuildFile; fileRef = B57FE8232790A07100857FDE /* FilmDetailViewController.swift */; };
		B57FE8262790A65300857FDE /* FilmDetailViewModel.swift in Sources */ = {isa = PBXBuildFile; fileRef = B57FE8252790A65300857FDE /* FilmDetailViewModel.swift */; };
		B57FE82E27917F9D00857FDE /* Realm in Frameworks */ = {isa = PBXBuildFile; productRef = B57FE82D27917F9D00857FDE /* Realm */; };
		B57FE83027917F9D00857FDE /* RealmSwift in Frameworks */ = {isa = PBXBuildFile; productRef = B57FE82F27917F9D00857FDE /* RealmSwift */; };
		B57FE8362791811200857FDE /* RealmDB.swift in Sources */ = {isa = PBXBuildFile; fileRef = B57FE8352791811200857FDE /* RealmDB.swift */; };
		B57FE83F27918C1700857FDE /* GenreLocal.swift in Sources */ = {isa = PBXBuildFile; fileRef = B57FE83E27918C1700857FDE /* GenreLocal.swift */; };
		B57FE84127918C2100857FDE /* FilmLocal.swift in Sources */ = {isa = PBXBuildFile; fileRef = B57FE84027918C2100857FDE /* FilmLocal.swift */; };
		B5872460278C5F1200178E42 /* AppDelegate.swift in Sources */ = {isa = PBXBuildFile; fileRef = B587245F278C5F1200178E42 /* AppDelegate.swift */; };
		B5872467278C5F1200178E42 /* Main.storyboard in Resources */ = {isa = PBXBuildFile; fileRef = B5872465278C5F1200178E42 /* Main.storyboard */; };
		B5872469278C5F1300178E42 /* Assets.xcassets in Resources */ = {isa = PBXBuildFile; fileRef = B5872468278C5F1300178E42 /* Assets.xcassets */; };
		B587246C278C5F1300178E42 /* LaunchScreen.storyboard in Resources */ = {isa = PBXBuildFile; fileRef = B587246A278C5F1300178E42 /* LaunchScreen.storyboard */; };
		B5872477278C5F1300178E42 /* HappyFilmsTests.swift in Sources */ = {isa = PBXBuildFile; fileRef = B5872476278C5F1300178E42 /* HappyFilmsTests.swift */; };
		B5872481278C5F1300178E42 /* HappyFilmsUITests.swift in Sources */ = {isa = PBXBuildFile; fileRef = B5872480278C5F1300178E42 /* HappyFilmsUITests.swift */; };
		B5872483278C5F1300178E42 /* HappyFilmsUITestsLaunchTests.swift in Sources */ = {isa = PBXBuildFile; fileRef = B5872482278C5F1300178E42 /* HappyFilmsUITestsLaunchTests.swift */; };
		B5872491278C64A500178E42 /* Alamofire in Frameworks */ = {isa = PBXBuildFile; productRef = B5872490278C64A500178E42 /* Alamofire */; };
		B58724AD278C6C0000178E42 /* RxSwiftExt in Frameworks */ = {isa = PBXBuildFile; productRef = B58724AC278C6C0000178E42 /* RxSwiftExt */; };
/* End PBXBuildFile section */

/* Begin PBXContainerItemProxy section */
		B5872473278C5F1300178E42 /* PBXContainerItemProxy */ = {
			isa = PBXContainerItemProxy;
			containerPortal = B5872454278C5F1200178E42 /* Project object */;
			proxyType = 1;
			remoteGlobalIDString = B587245B278C5F1200178E42;
			remoteInfo = HappyFilms;
		};
		B587247D278C5F1300178E42 /* PBXContainerItemProxy */ = {
			isa = PBXContainerItemProxy;
			containerPortal = B5872454278C5F1200178E42 /* Project object */;
			proxyType = 1;
			remoteGlobalIDString = B587245B278C5F1200178E42;
			remoteInfo = HappyFilms;
		};
/* End PBXContainerItemProxy section */

/* Begin PBXFileReference section */
		B57FE7CD278C71A300857FDE /* RequestBuilder.swift */ = {isa = PBXFileReference; lastKnownFileType = sourcecode.swift; path = RequestBuilder.swift; sourceTree = "<group>"; };
		B57FE7CF278C9D7200857FDE /* FilmsDTO.swift */ = {isa = PBXFileReference; lastKnownFileType = sourcecode.swift; path = FilmsDTO.swift; sourceTree = "<group>"; };
		B57FE7D1278C9D8C00857FDE /* NaverSearchAPI.swift */ = {isa = PBXFileReference; lastKnownFileType = sourcecode.swift; path = NaverSearchAPI.swift; sourceTree = "<group>"; };
		B57FE7D3278C9DA700857FDE /* Response.swift */ = {isa = PBXFileReference; lastKnownFileType = sourcecode.swift; path = Response.swift; sourceTree = "<group>"; };
		B57FE7D8278DB4C700857FDE /* MyFilmsNoteViewController.swift */ = {isa = PBXFileReference; lastKnownFileType = sourcecode.swift; path = MyFilmsNoteViewController.swift; sourceTree = "<group>"; };
		B57FE7DB278DBA0500857FDE /* ViewModelType.swift */ = {isa = PBXFileReference; lastKnownFileType = sourcecode.swift; path = ViewModelType.swift; sourceTree = "<group>"; };
		B57FE7DD278DBAF200857FDE /* MyFilmsNoteViewModel.swift */ = {isa = PBXFileReference; lastKnownFileType = sourcecode.swift; path = MyFilmsNoteViewModel.swift; sourceTree = "<group>"; };
		B57FE7DF278DC3FE00857FDE /* MyFilmsNoteTableViewCell.swift */ = {isa = PBXFileReference; lastKnownFileType = sourcecode.swift; path = MyFilmsNoteTableViewCell.swift; sourceTree = "<group>"; };
		B57FE7E2278DC66300857FDE /* Extensions.swift */ = {isa = PBXFileReference; lastKnownFileType = sourcecode.swift; path = Extensions.swift; sourceTree = "<group>"; };
		B57FE7E7278DCC4100857FDE /* MyFilmsNoteTableViewCell.xib */ = {isa = PBXFileReference; lastKnownFileType = file.xib; path = MyFilmsNoteTableViewCell.xib; sourceTree = "<group>"; };
		B57FE7EA278DCDD000857FDE /* CommonTableHeaderView.swift */ = {isa = PBXFileReference; lastKnownFileType = sourcecode.swift; path = CommonTableHeaderView.swift; sourceTree = "<group>"; };
		B57FE7EC278DD0A400857FDE /* GenreSettingViewController.swift */ = {isa = PBXFileReference; lastKnownFileType = sourcecode.swift; path = GenreSettingViewController.swift; sourceTree = "<group>"; };
		B57FE7EF278DD18A00857FDE /* GenreSettingTableViewCell.swift */ = {isa = PBXFileReference; lastKnownFileType = sourcecode.swift; path = GenreSettingTableViewCell.swift; sourceTree = "<group>"; };
		B57FE7F0278DD18A00857FDE /* GenreSettingTableViewCell.xib */ = {isa = PBXFileReference; lastKnownFileType = file.xib; path = GenreSettingTableViewCell.xib; sourceTree = "<group>"; };
		B57FE7F3278DD84A00857FDE /* GenreSettingViewModel.swift */ = {isa = PBXFileReference; lastKnownFileType = sourcecode.swift; path = GenreSettingViewModel.swift; sourceTree = "<group>"; };
		B57FE7F8278EF38A00857FDE /* HFInterface.swift */ = {isa = PBXFileReference; lastKnownFileType = sourcecode.swift; path = HFInterface.swift; sourceTree = "<group>"; };
		B57FE7FA278EF4E000857FDE /* HFInteractor.swift */ = {isa = PBXFileReference; lastKnownFileType = sourcecode.swift; path = HFInteractor.swift; sourceTree = "<group>"; };
		B57FE7FC278EF69B00857FDE /* HFRepo.swift */ = {isa = PBXFileReference; lastKnownFileType = sourcecode.swift; path = HFRepo.swift; sourceTree = "<group>"; };
		B57FE7FE278EF77500857FDE /* Genre.swift */ = {isa = PBXFileReference; lastKnownFileType = sourcecode.swift; path = Genre.swift; sourceTree = "<group>"; };
		B57FE800278EF9CD00857FDE /* HFAppDI.swift */ = {isa = PBXFileReference; lastKnownFileType = sourcecode.swift; path = HFAppDI.swift; sourceTree = "<group>"; };
		B57FE804278F25F800857FDE /* Consumer.swift */ = {isa = PBXFileReference; lastKnownFileType = sourcecode.swift; path = Consumer.swift; sourceTree = "<group>"; };
		B57FE806278F266C00857FDE /* BindingEventCell.swift */ = {isa = PBXFileReference; lastKnownFileType = sourcecode.swift; path = BindingEventCell.swift; sourceTree = "<group>"; };
		B57FE808278F3A1600857FDE /* FilmListViewController.swift */ = {isa = PBXFileReference; lastKnownFileType = sourcecode.swift; path = FilmListViewController.swift; sourceTree = "<group>"; };
		B57FE80A278F3AEC00857FDE /* FilmListTableViewCell.swift */ = {isa = PBXFileReference; lastKnownFileType = sourcecode.swift; path = FilmListTableViewCell.swift; sourceTree = "<group>"; };
		B57FE80B278F3AEC00857FDE /* FilmListTableViewCell.xib */ = {isa = PBXFileReference; lastKnownFileType = file.xib; path = FilmListTableViewCell.xib; sourceTree = "<group>"; };
		B57FE80E278F463600857FDE /* AddFilm1ViewController.swift */ = {isa = PBXFileReference; lastKnownFileType = sourcecode.swift; path = AddFilm1ViewController.swift; sourceTree = "<group>"; };
		B57FE810278F484A00857FDE /* FilmListViewModel.swift */ = {isa = PBXFileReference; lastKnownFileType = sourcecode.swift; path = FilmListViewModel.swift; sourceTree = "<group>"; };
		B57FE813278F4AF300857FDE /* SortTableHeaderView.swift */ = {isa = PBXFileReference; lastKnownFileType = sourcecode.swift; path = SortTableHeaderView.swift; sourceTree = "<group>"; };
		B57FE815278F4B1000857FDE /* SearchTableHeaderView.swift */ = {isa = PBXFileReference; lastKnownFileType = sourcecode.swift; path = SearchTableHeaderView.swift; sourceTree = "<group>"; };
		B57FE817278F4E0100857FDE /* AddFilm1TableViewCell.swift */ = {isa = PBXFileReference; lastKnownFileType = sourcecode.swift; path = AddFilm1TableViewCell.swift; sourceTree = "<group>"; };
		B57FE818278F4E0100857FDE /* AddFilm1TableViewCell.xib */ = {isa = PBXFileReference; lastKnownFileType = file.xib; path = AddFilm1TableViewCell.xib; sourceTree = "<group>"; };
		B57FE81B278F502600857FDE /* AddFilm2ViewController.swift */ = {isa = PBXFileReference; lastKnownFileType = sourcecode.swift; path = AddFilm2ViewController.swift; sourceTree = "<group>"; };
		B57FE81D278F515200857FDE /* AddFilm1ViewModel.swift */ = {isa = PBXFileReference; lastKnownFileType = sourcecode.swift; path = AddFilm1ViewModel.swift; sourceTree = "<group>"; };
		B57FE81F2790337900857FDE /* Film.swift */ = {isa = PBXFileReference; lastKnownFileType = sourcecode.swift; path = Film.swift; sourceTree = "<group>"; };
		B57FE821279054BC00857FDE /* AddFilm2ViewModel.swift */ = {isa = PBXFileReference; lastKnownFileType = sourcecode.swift; path = AddFilm2ViewModel.swift; sourceTree = "<group>"; };
		B57FE8232790A07100857FDE /* FilmDetailViewController.swift */ = {isa = PBXFileReference; lastKnownFileType = sourcecode.swift; path = FilmDetailViewController.swift; sourceTree = "<group>"; };
		B57FE8252790A65300857FDE /* FilmDetailViewModel.swift */ = {isa = PBXFileReference; lastKnownFileType = sourcecode.swift; path = FilmDetailViewModel.swift; sourceTree = "<group>"; };
		B57FE8352791811200857FDE /* RealmDB.swift */ = {isa = PBXFileReference; lastKnownFileType = sourcecode.swift; path = RealmDB.swift; sourceTree = "<group>"; };
		B57FE83E27918C1700857FDE /* GenreLocal.swift */ = {isa = PBXFileReference; lastKnownFileType = sourcecode.swift; path = GenreLocal.swift; sourceTree = "<group>"; };
		B57FE84027918C2100857FDE /* FilmLocal.swift */ = {isa = PBXFileReference; lastKnownFileType = sourcecode.swift; path = FilmLocal.swift; sourceTree = "<group>"; };
		B587245C278C5F1200178E42 /* HappyFilms.app */ = {isa = PBXFileReference; explicitFileType = wrapper.application; includeInIndex = 0; path = HappyFilms.app; sourceTree = BUILT_PRODUCTS_DIR; };
		B587245F278C5F1200178E42 /* AppDelegate.swift */ = {isa = PBXFileReference; lastKnownFileType = sourcecode.swift; path = AppDelegate.swift; sourceTree = "<group>"; };
		B5872466278C5F1200178E42 /* Base */ = {isa = PBXFileReference; lastKnownFileType = file.storyboard; name = Base; path = Base.lproj/Main.storyboard; sourceTree = "<group>"; };
		B5872468278C5F1300178E42 /* Assets.xcassets */ = {isa = PBXFileReference; lastKnownFileType = folder.assetcatalog; path = Assets.xcassets; sourceTree = "<group>"; };
		B587246B278C5F1300178E42 /* Base */ = {isa = PBXFileReference; lastKnownFileType = file.storyboard; name = Base; path = Base.lproj/LaunchScreen.storyboard; sourceTree = "<group>"; };
		B587246D278C5F1300178E42 /* Info.plist */ = {isa = PBXFileReference; lastKnownFileType = text.plist.xml; path = Info.plist; sourceTree = "<group>"; };
		B5872472278C5F1300178E42 /* HappyFilmsTests.xctest */ = {isa = PBXFileReference; explicitFileType = wrapper.cfbundle; includeInIndex = 0; path = HappyFilmsTests.xctest; sourceTree = BUILT_PRODUCTS_DIR; };
		B5872476278C5F1300178E42 /* HappyFilmsTests.swift */ = {isa = PBXFileReference; lastKnownFileType = sourcecode.swift; path = HappyFilmsTests.swift; sourceTree = "<group>"; };
		B587247C278C5F1300178E42 /* HappyFilmsUITests.xctest */ = {isa = PBXFileReference; explicitFileType = wrapper.cfbundle; includeInIndex = 0; path = HappyFilmsUITests.xctest; sourceTree = BUILT_PRODUCTS_DIR; };
		B5872480278C5F1300178E42 /* HappyFilmsUITests.swift */ = {isa = PBXFileReference; lastKnownFileType = sourcecode.swift; path = HappyFilmsUITests.swift; sourceTree = "<group>"; };
		B5872482278C5F1300178E42 /* HappyFilmsUITestsLaunchTests.swift */ = {isa = PBXFileReference; lastKnownFileType = sourcecode.swift; path = HappyFilmsUITestsLaunchTests.swift; sourceTree = "<group>"; };
/* End PBXFileReference section */

/* Begin PBXFrameworksBuildPhase section */
		B5872459278C5F1200178E42 /* Frameworks */ = {
			isa = PBXFrameworksBuildPhase;
			buildActionMask = 2147483647;
			files = (
				B57FE83027917F9D00857FDE /* RealmSwift in Frameworks */,
				B57FE82E27917F9D00857FDE /* Realm in Frameworks */,
				B57FE7CC278C6EB400857FDE /* Kingfisher in Frameworks */,
				B57FE7C5278C6D8100857FDE /* RxCocoa in Frameworks */,
				B5872491278C64A500178E42 /* Alamofire in Frameworks */,
				B57FE7C9278C6D8100857FDE /* RxSwift in Frameworks */,
				B57FE7C7278C6D8100857FDE /* RxRelay in Frameworks */,
				B58724AD278C6C0000178E42 /* RxSwiftExt in Frameworks */,
			);
			runOnlyForDeploymentPostprocessing = 0;
		};
		B587246F278C5F1300178E42 /* Frameworks */ = {
			isa = PBXFrameworksBuildPhase;
			buildActionMask = 2147483647;
			files = (
			);
			runOnlyForDeploymentPostprocessing = 0;
		};
		B5872479278C5F1300178E42 /* Frameworks */ = {
			isa = PBXFrameworksBuildPhase;
			buildActionMask = 2147483647;
			files = (
			);
			runOnlyForDeploymentPostprocessing = 0;
		};
/* End PBXFrameworksBuildPhase section */

/* Begin PBXGroup section */
		B57FE7D5278C9F9B00857FDE /* API */ = {
			isa = PBXGroup;
			children = (
				B57FE7CD278C71A300857FDE /* RequestBuilder.swift */,
				B57FE7D3278C9DA700857FDE /* Response.swift */,
				B57FE7D1278C9D8C00857FDE /* NaverSearchAPI.swift */,
				B57FE7CF278C9D7200857FDE /* FilmsDTO.swift */,
			);
			path = API;
			sourceTree = "<group>";
		};
		B57FE7D7278DB34800857FDE /* View */ = {
			isa = PBXGroup;
			children = (
				B5872465278C5F1200178E42 /* Main.storyboard */,
				B57FE812278F4AE600857FDE /* TableHeaderView */,
				B57FE7D8278DB4C700857FDE /* MyFilmsNoteViewController.swift */,
				B57FE7DF278DC3FE00857FDE /* MyFilmsNoteTableViewCell.swift */,
				B57FE7E7278DCC4100857FDE /* MyFilmsNoteTableViewCell.xib */,
				B57FE7EC278DD0A400857FDE /* GenreSettingViewController.swift */,
				B57FE7EF278DD18A00857FDE /* GenreSettingTableViewCell.swift */,
				B57FE7F0278DD18A00857FDE /* GenreSettingTableViewCell.xib */,
				B57FE808278F3A1600857FDE /* FilmListViewController.swift */,
				B57FE80A278F3AEC00857FDE /* FilmListTableViewCell.swift */,
				B57FE80B278F3AEC00857FDE /* FilmListTableViewCell.xib */,
				B57FE8232790A07100857FDE /* FilmDetailViewController.swift */,
				B57FE80E278F463600857FDE /* AddFilm1ViewController.swift */,
				B57FE817278F4E0100857FDE /* AddFilm1TableViewCell.swift */,
				B57FE818278F4E0100857FDE /* AddFilm1TableViewCell.xib */,
				B57FE81B278F502600857FDE /* AddFilm2ViewController.swift */,
			);
			path = View;
			sourceTree = "<group>";
		};
		B57FE7DA278DB9B300857FDE /* VM */ = {
			isa = PBXGroup;
			children = (
				B57FE7DB278DBA0500857FDE /* ViewModelType.swift */,
				B57FE7DD278DBAF200857FDE /* MyFilmsNoteViewModel.swift */,
				B57FE7F3278DD84A00857FDE /* GenreSettingViewModel.swift */,
				B57FE810278F484A00857FDE /* FilmListViewModel.swift */,
				B57FE81D278F515200857FDE /* AddFilm1ViewModel.swift */,
				B57FE821279054BC00857FDE /* AddFilm2ViewModel.swift */,
				B57FE8252790A65300857FDE /* FilmDetailViewModel.swift */,
			);
			path = VM;
			sourceTree = "<group>";
		};
		B57FE7E1278DC4CA00857FDE /* Common */ = {
			isa = PBXGroup;
			children = (
				B57FE804278F25F800857FDE /* Consumer.swift */,
				B57FE806278F266C00857FDE /* BindingEventCell.swift */,
				B57FE7E2278DC66300857FDE /* Extensions.swift */,
			);
			path = Common;
			sourceTree = "<group>";
		};
		B57FE7EE278DD11C00857FDE /* Model */ = {
			isa = PBXGroup;
			children = (
				B57FE7FE278EF77500857FDE /* Genre.swift */,
				B57FE81F2790337900857FDE /* Film.swift */,
			);
			path = Model;
			sourceTree = "<group>";
		};
		B57FE7F6278EF34000857FDE /* Interactor */ = {
			isa = PBXGroup;
			children = (
				B57FE800278EF9CD00857FDE /* HFAppDI.swift */,
				B57FE7FA278EF4E000857FDE /* HFInteractor.swift */,
				B57FE7F8278EF38A00857FDE /* HFInterface.swift */,
				B57FE7FC278EF69B00857FDE /* HFRepo.swift */,
			);
			path = Interactor;
			sourceTree = "<group>";
		};
		B57FE812278F4AE600857FDE /* TableHeaderView */ = {
			isa = PBXGroup;
			children = (
				B57FE7EA278DCDD000857FDE /* CommonTableHeaderView.swift */,
				B57FE813278F4AF300857FDE /* SortTableHeaderView.swift */,
				B57FE815278F4B1000857FDE /* SearchTableHeaderView.swift */,
			);
			path = TableHeaderView;
			sourceTree = "<group>";
		};
		B57FE8312791802300857FDE /* Realm */ = {
			isa = PBXGroup;
			children = (
				B57FE8352791811200857FDE /* RealmDB.swift */,
				B57FE83E27918C1700857FDE /* GenreLocal.swift */,
				B57FE84027918C2100857FDE /* FilmLocal.swift */,
			);
			path = Realm;
			sourceTree = "<group>";
		};
		B5872453278C5F1200178E42 = {
			isa = PBXGroup;
			children = (
				B587245E278C5F1200178E42 /* HappyFilms */,
				B5872475278C5F1300178E42 /* HappyFilmsTests */,
				B587247F278C5F1300178E42 /* HappyFilmsUITests */,
				B587245D278C5F1200178E42 /* Products */,
			);
			sourceTree = "<group>";
		};
		B587245D278C5F1200178E42 /* Products */ = {
			isa = PBXGroup;
			children = (
				B587245C278C5F1200178E42 /* HappyFilms.app */,
				B5872472278C5F1300178E42 /* HappyFilmsTests.xctest */,
				B587247C278C5F1300178E42 /* HappyFilmsUITests.xctest */,
			);
			name = Products;
			sourceTree = "<group>";
		};
		B587245E278C5F1200178E42 /* HappyFilms */ = {
			isa = PBXGroup;
			children = (
				B587245F278C5F1200178E42 /* AppDelegate.swift */,
				B57FE8312791802300857FDE /* Realm */,
				B57FE7D5278C9F9B00857FDE /* API */,
				B57FE7F6278EF34000857FDE /* Interactor */,
				B57FE7EE278DD11C00857FDE /* Model */,
				B57FE7D7278DB34800857FDE /* View */,
				B57FE7DA278DB9B300857FDE /* VM */,
				B57FE7E1278DC4CA00857FDE /* Common */,
				B5872468278C5F1300178E42 /* Assets.xcassets */,
				B587246A278C5F1300178E42 /* LaunchScreen.storyboard */,
				B587246D278C5F1300178E42 /* Info.plist */,
			);
			path = HappyFilms;
			sourceTree = "<group>";
		};
		B5872475278C5F1300178E42 /* HappyFilmsTests */ = {
			isa = PBXGroup;
			children = (
				B5872476278C5F1300178E42 /* HappyFilmsTests.swift */,
			);
			path = HappyFilmsTests;
			sourceTree = "<group>";
		};
		B587247F278C5F1300178E42 /* HappyFilmsUITests */ = {
			isa = PBXGroup;
			children = (
				B5872480278C5F1300178E42 /* HappyFilmsUITests.swift */,
				B5872482278C5F1300178E42 /* HappyFilmsUITestsLaunchTests.swift */,
			);
			path = HappyFilmsUITests;
			sourceTree = "<group>";
		};
/* End PBXGroup section */

/* Begin PBXNativeTarget section */
		B587245B278C5F1200178E42 /* HappyFilms */ = {
			isa = PBXNativeTarget;
			buildConfigurationList = B5872486278C5F1300178E42 /* Build configuration list for PBXNativeTarget "HappyFilms" */;
			buildPhases = (
				B5872458278C5F1200178E42 /* Sources */,
				B5872459278C5F1200178E42 /* Frameworks */,
				B587245A278C5F1200178E42 /* Resources */,
			);
			buildRules = (
			);
			dependencies = (
			);
			name = HappyFilms;
			packageProductDependencies = (
				B5872490278C64A500178E42 /* Alamofire */,
				B58724AC278C6C0000178E42 /* RxSwiftExt */,
				B57FE7C4278C6D8100857FDE /* RxCocoa */,
				B57FE7C6278C6D8100857FDE /* RxRelay */,
				B57FE7C8278C6D8100857FDE /* RxSwift */,
				B57FE7CB278C6EB400857FDE /* Kingfisher */,
				B57FE82D27917F9D00857FDE /* Realm */,
				B57FE82F27917F9D00857FDE /* RealmSwift */,
			);
			productName = HappyFilms;
			productReference = B587245C278C5F1200178E42 /* HappyFilms.app */;
			productType = "com.apple.product-type.application";
		};
		B5872471278C5F1300178E42 /* HappyFilmsTests */ = {
			isa = PBXNativeTarget;
			buildConfigurationList = B5872489278C5F1300178E42 /* Build configuration list for PBXNativeTarget "HappyFilmsTests" */;
			buildPhases = (
				B587246E278C5F1300178E42 /* Sources */,
				B587246F278C5F1300178E42 /* Frameworks */,
				B5872470278C5F1300178E42 /* Resources */,
			);
			buildRules = (
			);
			dependencies = (
				B5872474278C5F1300178E42 /* PBXTargetDependency */,
			);
			name = HappyFilmsTests;
			productName = HappyFilmsTests;
			productReference = B5872472278C5F1300178E42 /* HappyFilmsTests.xctest */;
			productType = "com.apple.product-type.bundle.unit-test";
		};
		B587247B278C5F1300178E42 /* HappyFilmsUITests */ = {
			isa = PBXNativeTarget;
			buildConfigurationList = B587248C278C5F1300178E42 /* Build configuration list for PBXNativeTarget "HappyFilmsUITests" */;
			buildPhases = (
				B5872478278C5F1300178E42 /* Sources */,
				B5872479278C5F1300178E42 /* Frameworks */,
				B587247A278C5F1300178E42 /* Resources */,
			);
			buildRules = (
			);
			dependencies = (
				B587247E278C5F1300178E42 /* PBXTargetDependency */,
			);
			name = HappyFilmsUITests;
			productName = HappyFilmsUITests;
			productReference = B587247C278C5F1300178E42 /* HappyFilmsUITests.xctest */;
			productType = "com.apple.product-type.bundle.ui-testing";
		};
/* End PBXNativeTarget section */

/* Begin PBXProject section */
		B5872454278C5F1200178E42 /* Project object */ = {
			isa = PBXProject;
			attributes = {
				BuildIndependentTargetsInParallel = 1;
				LastSwiftUpdateCheck = 1320;
				LastUpgradeCheck = 1320;
				TargetAttributes = {
					B587245B278C5F1200178E42 = {
						CreatedOnToolsVersion = 13.2.1;
					};
					B5872471278C5F1300178E42 = {
						CreatedOnToolsVersion = 13.2.1;
						TestTargetID = B587245B278C5F1200178E42;
					};
					B587247B278C5F1300178E42 = {
						CreatedOnToolsVersion = 13.2.1;
						TestTargetID = B587245B278C5F1200178E42;
					};
				};
			};
			buildConfigurationList = B5872457278C5F1200178E42 /* Build configuration list for PBXProject "HappyFilms" */;
			compatibilityVersion = "Xcode 13.0";
			developmentRegion = en;
			hasScannedForEncodings = 0;
			knownRegions = (
				en,
				Base,
			);
			mainGroup = B5872453278C5F1200178E42;
			packageReferences = (
				B587248F278C64A400178E42 /* XCRemoteSwiftPackageReference "Alamofire" */,
				B58724AB278C6C0000178E42 /* XCRemoteSwiftPackageReference "RxSwiftExt" */,
				B57FE7C3278C6D8100857FDE /* XCRemoteSwiftPackageReference "RxSwift" */,
				B57FE7CA278C6EB400857FDE /* XCRemoteSwiftPackageReference "Kingfisher" */,
				B57FE82C27917F9D00857FDE /* XCRemoteSwiftPackageReference "realm-cocoa" */,
			);
			productRefGroup = B587245D278C5F1200178E42 /* Products */;
			projectDirPath = "";
			projectRoot = "";
			targets = (
				B587245B278C5F1200178E42 /* HappyFilms */,
				B5872471278C5F1300178E42 /* HappyFilmsTests */,
				B587247B278C5F1300178E42 /* HappyFilmsUITests */,
			);
		};
/* End PBXProject section */

/* Begin PBXResourcesBuildPhase section */
		B587245A278C5F1200178E42 /* Resources */ = {
			isa = PBXResourcesBuildPhase;
			buildActionMask = 2147483647;
			files = (
				B587246C278C5F1300178E42 /* LaunchScreen.storyboard in Resources */,
				B57FE80D278F3AEC00857FDE /* FilmListTableViewCell.xib in Resources */,
				B57FE7F2278DD18A00857FDE /* GenreSettingTableViewCell.xib in Resources */,
				B57FE81A278F4E0100857FDE /* AddFilm1TableViewCell.xib in Resources */,
				B57FE7E9278DCC4100857FDE /* MyFilmsNoteTableViewCell.xib in Resources */,
				B5872469278C5F1300178E42 /* Assets.xcassets in Resources */,
				B5872467278C5F1200178E42 /* Main.storyboard in Resources */,
			);
			runOnlyForDeploymentPostprocessing = 0;
		};
		B5872470278C5F1300178E42 /* Resources */ = {
			isa = PBXResourcesBuildPhase;
			buildActionMask = 2147483647;
			files = (
			);
			runOnlyForDeploymentPostprocessing = 0;
		};
		B587247A278C5F1300178E42 /* Resources */ = {
			isa = PBXResourcesBuildPhase;
			buildActionMask = 2147483647;
			files = (
			);
			runOnlyForDeploymentPostprocessing = 0;
		};
/* End PBXResourcesBuildPhase section */

/* Begin PBXSourcesBuildPhase section */
		B5872458278C5F1200178E42 /* Sources */ = {
			isa = PBXSourcesBuildPhase;
			buildActionMask = 2147483647;
			files = (
				B57FE80F278F463600857FDE /* AddFilm1ViewController.swift in Sources */,
				B57FE822279054BC00857FDE /* AddFilm2ViewModel.swift in Sources */,
				B57FE81C278F502600857FDE /* AddFilm2ViewController.swift in Sources */,
				B57FE807278F266C00857FDE /* BindingEventCell.swift in Sources */,
				B57FE7F1278DD18A00857FDE /* GenreSettingTableViewCell.swift in Sources */,
				B57FE7FD278EF69B00857FDE /* HFRepo.swift in Sources */,
				B57FE8202790337900857FDE /* Film.swift in Sources */,
				B57FE7F4278DD84A00857FDE /* GenreSettingViewModel.swift in Sources */,
				B57FE7E0278DC3FE00857FDE /* MyFilmsNoteTableViewCell.swift in Sources */,
				B57FE7DE278DBAF200857FDE /* MyFilmsNoteViewModel.swift in Sources */,
				B57FE84127918C2100857FDE /* FilmLocal.swift in Sources */,
				B57FE8362791811200857FDE /* RealmDB.swift in Sources */,
				B57FE83F27918C1700857FDE /* GenreLocal.swift in Sources */,
				B57FE819278F4E0100857FDE /* AddFilm1TableViewCell.swift in Sources */,
				B57FE805278F25F800857FDE /* Consumer.swift in Sources */,
				B57FE81E278F515200857FDE /* AddFilm1ViewModel.swift in Sources */,
				B57FE8262790A65300857FDE /* FilmDetailViewModel.swift in Sources */,
				B57FE7CE278C71A300857FDE /* RequestBuilder.swift in Sources */,
				B5872460278C5F1200178E42 /* AppDelegate.swift in Sources */,
				B57FE7FB278EF4E000857FDE /* HFInteractor.swift in Sources */,
				B57FE7E3278DC66300857FDE /* Extensions.swift in Sources */,
				B57FE80C278F3AEC00857FDE /* FilmListTableViewCell.swift in Sources */,
				B57FE8242790A07100857FDE /* FilmDetailViewController.swift in Sources */,
				B57FE7FF278EF77500857FDE /* Genre.swift in Sources */,
				B57FE809278F3A1600857FDE /* FilmListViewController.swift in Sources */,
				B57FE7D9278DB4C700857FDE /* MyFilmsNoteViewController.swift in Sources */,
				B57FE814278F4AF300857FDE /* SortTableHeaderView.swift in Sources */,
				B57FE7ED278DD0A400857FDE /* GenreSettingViewController.swift in Sources */,
				B57FE7D0278C9D7200857FDE /* FilmsDTO.swift in Sources */,
				B57FE801278EF9CD00857FDE /* HFAppDI.swift in Sources */,
				B57FE7D4278C9DA700857FDE /* Response.swift in Sources */,
				B57FE816278F4B1000857FDE /* SearchTableHeaderView.swift in Sources */,
				B57FE7F9278EF38A00857FDE /* HFInterface.swift in Sources */,
				B57FE7D2278C9D8C00857FDE /* NaverSearchAPI.swift in Sources */,
				B57FE7EB278DCDD000857FDE /* CommonTableHeaderView.swift in Sources */,
				B57FE7DC278DBA0600857FDE /* ViewModelType.swift in Sources */,
				B57FE811278F484A00857FDE /* FilmListViewModel.swift in Sources */,
			);
			runOnlyForDeploymentPostprocessing = 0;
		};
		B587246E278C5F1300178E42 /* Sources */ = {
			isa = PBXSourcesBuildPhase;
			buildActionMask = 2147483647;
			files = (
				B5872477278C5F1300178E42 /* HappyFilmsTests.swift in Sources */,
			);
			runOnlyForDeploymentPostprocessing = 0;
		};
		B5872478278C5F1300178E42 /* Sources */ = {
			isa = PBXSourcesBuildPhase;
			buildActionMask = 2147483647;
			files = (
				B5872481278C5F1300178E42 /* HappyFilmsUITests.swift in Sources */,
				B5872483278C5F1300178E42 /* HappyFilmsUITestsLaunchTests.swift in Sources */,
			);
			runOnlyForDeploymentPostprocessing = 0;
		};
/* End PBXSourcesBuildPhase section */

/* Begin PBXTargetDependency section */
		B5872474278C5F1300178E42 /* PBXTargetDependency */ = {
			isa = PBXTargetDependency;
			target = B587245B278C5F1200178E42 /* HappyFilms */;
			targetProxy = B5872473278C5F1300178E42 /* PBXContainerItemProxy */;
		};
		B587247E278C5F1300178E42 /* PBXTargetDependency */ = {
			isa = PBXTargetDependency;
			target = B587245B278C5F1200178E42 /* HappyFilms */;
			targetProxy = B587247D278C5F1300178E42 /* PBXContainerItemProxy */;
		};
/* End PBXTargetDependency section */

/* Begin PBXVariantGroup section */
		B5872465278C5F1200178E42 /* Main.storyboard */ = {
			isa = PBXVariantGroup;
			children = (
				B5872466278C5F1200178E42 /* Base */,
			);
			name = Main.storyboard;
			sourceTree = "<group>";
		};
		B587246A278C5F1300178E42 /* LaunchScreen.storyboard */ = {
			isa = PBXVariantGroup;
			children = (
				B587246B278C5F1300178E42 /* Base */,
			);
			name = LaunchScreen.storyboard;
			sourceTree = "<group>";
		};
/* End PBXVariantGroup section */

/* Begin XCBuildConfiguration section */
		B5872484278C5F1300178E42 /* Debug */ = {
			isa = XCBuildConfiguration;
			buildSettings = {
				ALWAYS_SEARCH_USER_PATHS = NO;
				CLANG_ANALYZER_NONNULL = YES;
				CLANG_ANALYZER_NUMBER_OBJECT_CONVERSION = YES_AGGRESSIVE;
				CLANG_CXX_LANGUAGE_STANDARD = "gnu++17";
				CLANG_CXX_LIBRARY = "libc++";
				CLANG_ENABLE_MODULES = YES;
				CLANG_ENABLE_OBJC_ARC = YES;
				CLANG_ENABLE_OBJC_WEAK = YES;
				CLANG_WARN_BLOCK_CAPTURE_AUTORELEASING = YES;
				CLANG_WARN_BOOL_CONVERSION = YES;
				CLANG_WARN_COMMA = YES;
				CLANG_WARN_CONSTANT_CONVERSION = YES;
				CLANG_WARN_DEPRECATED_OBJC_IMPLEMENTATIONS = YES;
				CLANG_WARN_DIRECT_OBJC_ISA_USAGE = YES_ERROR;
				CLANG_WARN_DOCUMENTATION_COMMENTS = YES;
				CLANG_WARN_EMPTY_BODY = YES;
				CLANG_WARN_ENUM_CONVERSION = YES;
				CLANG_WARN_INFINITE_RECURSION = YES;
				CLANG_WARN_INT_CONVERSION = YES;
				CLANG_WARN_NON_LITERAL_NULL_CONVERSION = YES;
				CLANG_WARN_OBJC_IMPLICIT_RETAIN_SELF = YES;
				CLANG_WARN_OBJC_LITERAL_CONVERSION = YES;
				CLANG_WARN_OBJC_ROOT_CLASS = YES_ERROR;
				CLANG_WARN_QUOTED_INCLUDE_IN_FRAMEWORK_HEADER = YES;
				CLANG_WARN_RANGE_LOOP_ANALYSIS = YES;
				CLANG_WARN_STRICT_PROTOTYPES = YES;
				CLANG_WARN_SUSPICIOUS_MOVE = YES;
				CLANG_WARN_UNGUARDED_AVAILABILITY = YES_AGGRESSIVE;
				CLANG_WARN_UNREACHABLE_CODE = YES;
				CLANG_WARN__DUPLICATE_METHOD_MATCH = YES;
				COPY_PHASE_STRIP = NO;
				DEBUG_INFORMATION_FORMAT = dwarf;
				ENABLE_STRICT_OBJC_MSGSEND = YES;
				ENABLE_TESTABILITY = YES;
				GCC_C_LANGUAGE_STANDARD = gnu11;
				GCC_DYNAMIC_NO_PIC = NO;
				GCC_NO_COMMON_BLOCKS = YES;
				GCC_OPTIMIZATION_LEVEL = 0;
				GCC_PREPROCESSOR_DEFINITIONS = (
					"DEBUG=1",
					"$(inherited)",
				);
				GCC_WARN_64_TO_32_BIT_CONVERSION = YES;
				GCC_WARN_ABOUT_RETURN_TYPE = YES_ERROR;
				GCC_WARN_UNDECLARED_SELECTOR = YES;
				GCC_WARN_UNINITIALIZED_AUTOS = YES_AGGRESSIVE;
				GCC_WARN_UNUSED_FUNCTION = YES;
				GCC_WARN_UNUSED_VARIABLE = YES;
				IPHONEOS_DEPLOYMENT_TARGET = 12.0;
				MTL_ENABLE_DEBUG_INFO = INCLUDE_SOURCE;
				MTL_FAST_MATH = YES;
				ONLY_ACTIVE_ARCH = YES;
				SDKROOT = iphoneos;
				SWIFT_ACTIVE_COMPILATION_CONDITIONS = DEBUG;
				SWIFT_OPTIMIZATION_LEVEL = "-Onone";
			};
			name = Debug;
		};
		B5872485278C5F1300178E42 /* Release */ = {
			isa = XCBuildConfiguration;
			buildSettings = {
				ALWAYS_SEARCH_USER_PATHS = NO;
				CLANG_ANALYZER_NONNULL = YES;
				CLANG_ANALYZER_NUMBER_OBJECT_CONVERSION = YES_AGGRESSIVE;
				CLANG_CXX_LANGUAGE_STANDARD = "gnu++17";
				CLANG_CXX_LIBRARY = "libc++";
				CLANG_ENABLE_MODULES = YES;
				CLANG_ENABLE_OBJC_ARC = YES;
				CLANG_ENABLE_OBJC_WEAK = YES;
				CLANG_WARN_BLOCK_CAPTURE_AUTORELEASING = YES;
				CLANG_WARN_BOOL_CONVERSION = YES;
				CLANG_WARN_COMMA = YES;
				CLANG_WARN_CONSTANT_CONVERSION = YES;
				CLANG_WARN_DEPRECATED_OBJC_IMPLEMENTATIONS = YES;
				CLANG_WARN_DIRECT_OBJC_ISA_USAGE = YES_ERROR;
				CLANG_WARN_DOCUMENTATION_COMMENTS = YES;
				CLANG_WARN_EMPTY_BODY = YES;
				CLANG_WARN_ENUM_CONVERSION = YES;
				CLANG_WARN_INFINITE_RECURSION = YES;
				CLANG_WARN_INT_CONVERSION = YES;
				CLANG_WARN_NON_LITERAL_NULL_CONVERSION = YES;
				CLANG_WARN_OBJC_IMPLICIT_RETAIN_SELF = YES;
				CLANG_WARN_OBJC_LITERAL_CONVERSION = YES;
				CLANG_WARN_OBJC_ROOT_CLASS = YES_ERROR;
				CLANG_WARN_QUOTED_INCLUDE_IN_FRAMEWORK_HEADER = YES;
				CLANG_WARN_RANGE_LOOP_ANALYSIS = YES;
				CLANG_WARN_STRICT_PROTOTYPES = YES;
				CLANG_WARN_SUSPICIOUS_MOVE = YES;
				CLANG_WARN_UNGUARDED_AVAILABILITY = YES_AGGRESSIVE;
				CLANG_WARN_UNREACHABLE_CODE = YES;
				CLANG_WARN__DUPLICATE_METHOD_MATCH = YES;
				COPY_PHASE_STRIP = NO;
				DEBUG_INFORMATION_FORMAT = "dwarf-with-dsym";
				ENABLE_NS_ASSERTIONS = NO;
				ENABLE_STRICT_OBJC_MSGSEND = YES;
				GCC_C_LANGUAGE_STANDARD = gnu11;
				GCC_NO_COMMON_BLOCKS = YES;
				GCC_WARN_64_TO_32_BIT_CONVERSION = YES;
				GCC_WARN_ABOUT_RETURN_TYPE = YES_ERROR;
				GCC_WARN_UNDECLARED_SELECTOR = YES;
				GCC_WARN_UNINITIALIZED_AUTOS = YES_AGGRESSIVE;
				GCC_WARN_UNUSED_FUNCTION = YES;
				GCC_WARN_UNUSED_VARIABLE = YES;
				IPHONEOS_DEPLOYMENT_TARGET = 12.0;
				MTL_ENABLE_DEBUG_INFO = NO;
				MTL_FAST_MATH = YES;
				SDKROOT = iphoneos;
				SWIFT_COMPILATION_MODE = wholemodule;
				SWIFT_OPTIMIZATION_LEVEL = "-O";
				VALIDATE_PRODUCT = YES;
			};
			name = Release;
		};
		B5872487278C5F1300178E42 /* Debug */ = {
			isa = XCBuildConfiguration;
			buildSettings = {
				ALWAYS_EMBED_SWIFT_STANDARD_LIBRARIES = YES;
				ASSETCATALOG_COMPILER_APPICON_NAME = AppIcon;
				ASSETCATALOG_COMPILER_GLOBAL_ACCENT_COLOR_NAME = AccentColor;
				CODE_SIGN_STYLE = Automatic;
				CURRENT_PROJECT_VERSION = 1;
				DEVELOPMENT_TEAM = RPXQPWQ755;
				ENABLE_TESTING_SEARCH_PATHS = YES;
				GENERATE_INFOPLIST_FILE = YES;
				INFOPLIST_FILE = HappyFilms/Info.plist;
				INFOPLIST_KEY_UIApplicationSupportsIndirectInputEvents = YES;
				INFOPLIST_KEY_UILaunchStoryboardName = LaunchScreen;
				INFOPLIST_KEY_UIMainStoryboardFile = Main;
				INFOPLIST_KEY_UISupportedInterfaceOrientations_iPad = "UIInterfaceOrientationPortrait UIInterfaceOrientationPortraitUpsideDown UIInterfaceOrientationLandscapeLeft UIInterfaceOrientationLandscapeRight";
				INFOPLIST_KEY_UISupportedInterfaceOrientations_iPhone = "UIInterfaceOrientationPortrait UIInterfaceOrientationLandscapeLeft UIInterfaceOrientationLandscapeRight";
				LD_RUNPATH_SEARCH_PATHS = (
					"$(inherited)",
					"@executable_path/Frameworks",
				);
				MARKETING_VERSION = 1.0;
				PRODUCT_BUNDLE_IDENTIFIER = com.jin.HappyFilms;
				PRODUCT_NAME = "$(TARGET_NAME)";
				SWIFT_EMIT_LOC_STRINGS = YES;
				SWIFT_VERSION = 5.0;
				TARGETED_DEVICE_FAMILY = "1,2";
			};
			name = Debug;
		};
		B5872488278C5F1300178E42 /* Release */ = {
			isa = XCBuildConfiguration;
			buildSettings = {
				ALWAYS_EMBED_SWIFT_STANDARD_LIBRARIES = YES;
				ASSETCATALOG_COMPILER_APPICON_NAME = AppIcon;
				ASSETCATALOG_COMPILER_GLOBAL_ACCENT_COLOR_NAME = AccentColor;
				CODE_SIGN_STYLE = Automatic;
				CURRENT_PROJECT_VERSION = 1;
				DEVELOPMENT_TEAM = RPXQPWQ755;
				ENABLE_TESTING_SEARCH_PATHS = YES;
				GENERATE_INFOPLIST_FILE = YES;
				INFOPLIST_FILE = HappyFilms/Info.plist;
				INFOPLIST_KEY_UIApplicationSupportsIndirectInputEvents = YES;
				INFOPLIST_KEY_UILaunchStoryboardName = LaunchScreen;
				INFOPLIST_KEY_UIMainStoryboardFile = Main;
				INFOPLIST_KEY_UISupportedInterfaceOrientations_iPad = "UIInterfaceOrientationPortrait UIInterfaceOrientationPortraitUpsideDown UIInterfaceOrientationLandscapeLeft UIInterfaceOrientationLandscapeRight";
				INFOPLIST_KEY_UISupportedInterfaceOrientations_iPhone = "UIInterfaceOrientationPortrait UIInterfaceOrientationLandscapeLeft UIInterfaceOrientationLandscapeRight";
				LD_RUNPATH_SEARCH_PATHS = (
					"$(inherited)",
					"@executable_path/Frameworks",
				);
				MARKETING_VERSION = 1.0;
				PRODUCT_BUNDLE_IDENTIFIER = com.jin.HappyFilms;
				PRODUCT_NAME = "$(TARGET_NAME)";
				SWIFT_EMIT_LOC_STRINGS = YES;
				SWIFT_VERSION = 5.0;
				TARGETED_DEVICE_FAMILY = "1,2";
			};
			name = Release;
		};
		B587248A278C5F1300178E42 /* Debug */ = {
			isa = XCBuildConfiguration;
			buildSettings = {
				ALWAYS_EMBED_SWIFT_STANDARD_LIBRARIES = YES;
				BUNDLE_LOADER = "$(TEST_HOST)";
				CODE_SIGN_STYLE = Automatic;
				CURRENT_PROJECT_VERSION = 1;
				DEVELOPMENT_TEAM = RPXQPWQ755;
				GENERATE_INFOPLIST_FILE = YES;
				IPHONEOS_DEPLOYMENT_TARGET = 15.2;
				MARKETING_VERSION = 1.0;
				PRODUCT_BUNDLE_IDENTIFIER = com.jin.HappyFilmsTests;
				PRODUCT_NAME = "$(TARGET_NAME)";
				SWIFT_EMIT_LOC_STRINGS = NO;
				SWIFT_VERSION = 5.0;
				TARGETED_DEVICE_FAMILY = "1,2";
				TEST_HOST = "$(BUILT_PRODUCTS_DIR)/HappyFilms.app/HappyFilms";
			};
			name = Debug;
		};
		B587248B278C5F1300178E42 /* Release */ = {
			isa = XCBuildConfiguration;
			buildSettings = {
				ALWAYS_EMBED_SWIFT_STANDARD_LIBRARIES = YES;
				BUNDLE_LOADER = "$(TEST_HOST)";
				CODE_SIGN_STYLE = Automatic;
				CURRENT_PROJECT_VERSION = 1;
				DEVELOPMENT_TEAM = RPXQPWQ755;
				GENERATE_INFOPLIST_FILE = YES;
				IPHONEOS_DEPLOYMENT_TARGET = 15.2;
				MARKETING_VERSION = 1.0;
				PRODUCT_BUNDLE_IDENTIFIER = com.jin.HappyFilmsTests;
				PRODUCT_NAME = "$(TARGET_NAME)";
				SWIFT_EMIT_LOC_STRINGS = NO;
				SWIFT_VERSION = 5.0;
				TARGETED_DEVICE_FAMILY = "1,2";
				TEST_HOST = "$(BUILT_PRODUCTS_DIR)/HappyFilms.app/HappyFilms";
			};
			name = Release;
		};
		B587248D278C5F1300178E42 /* Debug */ = {
			isa = XCBuildConfiguration;
			buildSettings = {
				ALWAYS_EMBED_SWIFT_STANDARD_LIBRARIES = YES;
				CODE_SIGN_STYLE = Automatic;
				CURRENT_PROJECT_VERSION = 1;
				DEVELOPMENT_TEAM = RPXQPWQ755;
				GENERATE_INFOPLIST_FILE = YES;
				MARKETING_VERSION = 1.0;
				PRODUCT_BUNDLE_IDENTIFIER = com.jin.HappyFilmsUITests;
				PRODUCT_NAME = "$(TARGET_NAME)";
				SWIFT_EMIT_LOC_STRINGS = NO;
				SWIFT_VERSION = 5.0;
				TARGETED_DEVICE_FAMILY = "1,2";
				TEST_TARGET_NAME = HappyFilms;
			};
			name = Debug;
		};
		B587248E278C5F1300178E42 /* Release */ = {
			isa = XCBuildConfiguration;
			buildSettings = {
				ALWAYS_EMBED_SWIFT_STANDARD_LIBRARIES = YES;
				CODE_SIGN_STYLE = Automatic;
				CURRENT_PROJECT_VERSION = 1;
				DEVELOPMENT_TEAM = RPXQPWQ755;
				GENERATE_INFOPLIST_FILE = YES;
				MARKETING_VERSION = 1.0;
				PRODUCT_BUNDLE_IDENTIFIER = com.jin.HappyFilmsUITests;
				PRODUCT_NAME = "$(TARGET_NAME)";
				SWIFT_EMIT_LOC_STRINGS = NO;
				SWIFT_VERSION = 5.0;
				TARGETED_DEVICE_FAMILY = "1,2";
				TEST_TARGET_NAME = HappyFilms;
			};
			name = Release;
		};
/* End XCBuildConfiguration section */

/* Begin XCConfigurationList section */
		B5872457278C5F1200178E42 /* Build configuration list for PBXProject "HappyFilms" */ = {
			isa = XCConfigurationList;
			buildConfigurations = (
				B5872484278C5F1300178E42 /* Debug */,
				B5872485278C5F1300178E42 /* Release */,
			);
			defaultConfigurationIsVisible = 0;
			defaultConfigurationName = Release;
		};
		B5872486278C5F1300178E42 /* Build configuration list for PBXNativeTarget "HappyFilms" */ = {
			isa = XCConfigurationList;
			buildConfigurations = (
				B5872487278C5F1300178E42 /* Debug */,
				B5872488278C5F1300178E42 /* Release */,
			);
			defaultConfigurationIsVisible = 0;
			defaultConfigurationName = Release;
		};
		B5872489278C5F1300178E42 /* Build configuration list for PBXNativeTarget "HappyFilmsTests" */ = {
			isa = XCConfigurationList;
			buildConfigurations = (
				B587248A278C5F1300178E42 /* Debug */,
				B587248B278C5F1300178E42 /* Release */,
			);
			defaultConfigurationIsVisible = 0;
			defaultConfigurationName = Release;
		};
		B587248C278C5F1300178E42 /* Build configuration list for PBXNativeTarget "HappyFilmsUITests" */ = {
			isa = XCConfigurationList;
			buildConfigurations = (
				B587248D278C5F1300178E42 /* Debug */,
				B587248E278C5F1300178E42 /* Release */,
			);
			defaultConfigurationIsVisible = 0;
			defaultConfigurationName = Release;
		};
/* End XCConfigurationList section */

/* Begin XCRemoteSwiftPackageReference section */
		B57FE7C3278C6D8100857FDE /* XCRemoteSwiftPackageReference "RxSwift" */ = {
			isa = XCRemoteSwiftPackageReference;
			repositoryURL = "https://github.com/ReactiveX/RxSwift";
			requirement = {
				kind = exactVersion;
				version = 6.2.0;
			};
		};
		B57FE7CA278C6EB400857FDE /* XCRemoteSwiftPackageReference "Kingfisher" */ = {
			isa = XCRemoteSwiftPackageReference;
			repositoryURL = "https://github.com/onevcat/Kingfisher.git";
			requirement = {
				kind = exactVersion;
				version = 7.1.2;
			};
		};
		B57FE82C27917F9D00857FDE /* XCRemoteSwiftPackageReference "realm-cocoa" */ = {
			isa = XCRemoteSwiftPackageReference;
			repositoryURL = "https://github.com/realm/realm-cocoa.git";
			requirement = {
				kind = exactVersion;
				version = 10.21.1;
			};
		};
		B587248F278C64A400178E42 /* XCRemoteSwiftPackageReference "Alamofire" */ = {
			isa = XCRemoteSwiftPackageReference;
			repositoryURL = "https://github.com/Alamofire/Alamofire.git";
			requirement = {
				kind = exactVersion;
				version = 5.5.0;
			};
		};
		B58724AB278C6C0000178E42 /* XCRemoteSwiftPackageReference "RxSwiftExt" */ = {
			isa = XCRemoteSwiftPackageReference;
			repositoryURL = "https://github.com/RxSwiftCommunity/RxSwiftExt";
			requirement = {
				kind = exactVersion;
				version = 6.1.0;
			};
		};
/* End XCRemoteSwiftPackageReference section */

/* Begin XCSwiftPackageProductDependency section */
		B57FE7C4278C6D8100857FDE /* RxCocoa */ = {
			isa = XCSwiftPackageProductDependency;
			package = B57FE7C3278C6D8100857FDE /* XCRemoteSwiftPackageReference "RxSwift" */;
			productName = RxCocoa;
		};
		B57FE7C6278C6D8100857FDE /* RxRelay */ = {
			isa = XCSwiftPackageProductDependency;
			package = B57FE7C3278C6D8100857FDE /* XCRemoteSwiftPackageReference "RxSwift" */;
			productName = RxRelay;
		};
		B57FE7C8278C6D8100857FDE /* RxSwift */ = {
			isa = XCSwiftPackageProductDependency;
			package = B57FE7C3278C6D8100857FDE /* XCRemoteSwiftPackageReference "RxSwift" */;
			productName = RxSwift;
		};
		B57FE7CB278C6EB400857FDE /* Kingfisher */ = {
			isa = XCSwiftPackageProductDependency;
			package = B57FE7CA278C6EB400857FDE /* XCRemoteSwiftPackageReference "Kingfisher" */;
			productName = Kingfisher;
		};
		B57FE82D27917F9D00857FDE /* Realm */ = {
			isa = XCSwiftPackageProductDependency;
			package = B57FE82C27917F9D00857FDE /* XCRemoteSwiftPackageReference "realm-cocoa" */;
			productName = Realm;
		};
		B57FE82F27917F9D00857FDE /* RealmSwift */ = {
			isa = XCSwiftPackageProductDependency;
			package = B57FE82C27917F9D00857FDE /* XCRemoteSwiftPackageReference "realm-cocoa" */;
			productName = RealmSwift;
		};
		B5872490278C64A500178E42 /* Alamofire */ = {
			isa = XCSwiftPackageProductDependency;
			package = B587248F278C64A400178E42 /* XCRemoteSwiftPackageReference "Alamofire" */;
			productName = Alamofire;
		};
		B58724AC278C6C0000178E42 /* RxSwiftExt */ = {
			isa = XCSwiftPackageProductDependency;
			package = B58724AB278C6C0000178E42 /* XCRemoteSwiftPackageReference "RxSwiftExt" */;
			productName = RxSwiftExt;
		};
/* End XCSwiftPackageProductDependency section */
	};
	rootObject = B5872454278C5F1200178E42 /* Project object */;
}
